{
  "version": 4,
  "terraform_version": "1.5.5",
  "serial": 649,
  "lineage": "829dd5e0-a37e-73cc-24bc-77cabb304b3a",
  "outputs": {},
  "resources": [
    {
      "module": "module.domain",
      "mode": "managed",
      "type": "libvirt_domain",
      "name": "okd_svc",
      "provider": "module.domain.provider[\"registry.terraform.io/dmacvicar/libvirt\"]",
      "instances": [
        {
          "schema_version": 0,
          "attributes": {
            "arch": "x86_64",
            "autostart": false,
            "boot_device": [],
            "cloudinit": null,
            "cmdline": null,
            "console": [],
            "coreos_ignition": "/var/lib/libvirt/images/okd_svc.ign;d9483d73-c06e-446e-b9a2-46fb681b27e5",
            "cpu": [
              {
                "mode": "host-passthrough"
              }
            ],
            "description": "okd service vm",
            "disk": [
              {
                "block_device": "",
                "file": "",
                "scsi": false,
                "url": "",
                "volume_id": "/var/lib/libvirt/images/okd_svc.qcow2",
                "wwn": ""
              }
            ],
            "emulator": "/usr/bin/qemu-system-x86_64",
            "filesystem": [],
            "firmware": null,
            "fw_cfg_name": "opt/com.coreos/config",
            "graphics": [],
            "id": "51432b56-cd5c-46f8-ba31-d0f889bf9062",
            "initrd": "",
            "kernel": "",
            "machine": "pc",
            "memory": 7629,
            "metadata": null,
            "name": "okd_svc",
            "network_interface": [
              {
                "addresses": [
                  "192.168.150.2"
                ],
                "bridge": "",
                "hostname": "okd_svc",
                "mac": "AA:BB:CC:11:22:22",
                "macvtap": "",
                "network_id": "055b68dc-e233-42b2-b83d-9b3305fb8b80",
                "network_name": "okd_network",
                "passthrough": "",
                "vepa": "",
                "wait_for_lease": true
              }
            ],
            "nvram": [],
            "qemu_agent": false,
            "running": true,
            "timeouts": null,
            "tpm": [],
            "vcpu": 1,
            "video": [],
            "xml": []
          },
          "sensitive_attributes": [],
          "private": "eyJlMmJmYjczMC1lY2FhLTExZTYtOGY4OC0zNDM2M2JjN2M0YzAiOnsiY3JlYXRlIjozMDAwMDAwMDAwMDB9fQ==",
          "dependencies": [
            "module.ignition.libvirt_ignition.okd_svc",
            "module.network.libvirt_network.okd_network",
            "module.volumes.libvirt_volume.fedora_coreos",
            "module.volumes.libvirt_volume.okd_svc"
          ]
        }
      ]
    },
    {
      "module": "module.ignition",
      "mode": "managed",
      "type": "libvirt_ignition",
      "name": "okd_svc",
      "provider": "module.ignition.provider[\"registry.terraform.io/dmacvicar/libvirt\"]",
      "instances": [
        {
          "schema_version": 0,
          "attributes": {
            "content": "./okd_svc.ign",
            "id": "/var/lib/libvirt/images/okd_svc.ign;d9483d73-c06e-446e-b9a2-46fb681b27e5",
            "name": "okd_svc.ign",
            "pool": "default"
          },
          "sensitive_attributes": [],
          "private": "bnVsbA=="
        }
      ]
    },
    {
      "module": "module.network",
      "mode": "managed",
      "type": "libvirt_network",
      "name": "okd_network",
      "provider": "module.network.provider[\"registry.terraform.io/dmacvicar/libvirt\"]",
      "instances": [
        {
          "schema_version": 0,
          "attributes": {
            "addresses": [
              "192.168.150.0/24"
            ],
            "autostart": false,
            "bridge": "virbr2",
            "dhcp": [
              {
                "enabled": true
              }
            ],
            "dns": [
              {
                "enabled": true,
                "forwarders": [],
                "hosts": [],
                "local_only": false,
                "srvs": []
              }
            ],
            "dnsmasq_options": [
              {
                "options": [
                  {
                    "option_name": "address",
                    "option_value": "/okd-bootstrap.okd-lab.okd.local/192.168.150.3"
                  },
                  {
                    "option_name": "host-record",
                    "option_value": "okd-bootstrap.okd-lab.okd.local,192.168.150.3"
                  },
                  {
                    "option_name": "address",
                    "option_value": "/okd-controlplane-1.okd-lab.okd.local/192.168.150.10"
                  },
                  {
                    "option_name": "host-record",
                    "option_value": "okd-controlplane-1.okd-lab.okd.local,192.168.150.10"
                  },
                  {
                    "option_name": "address",
                    "option_value": "/api.okd-lab.okd.local/192.168.150.2"
                  },
                  {
                    "option_name": "host-record",
                    "option_value": "api.okd-lab.okd.local,192.168.150.2"
                  },
                  {
                    "option_name": "address",
                    "option_value": "/api-int.okd-lab.okd.local/192.168.150.2"
                  },
                  {
                    "option_name": "host-record",
                    "option_value": "api-int.okd-lab.okd.local,192.168.150.2"
                  },
                  {
                    "option_name": "address",
                    "option_value": "/etcd-0.okd-lab.okd.local/192.168.150.10"
                  },
                  {
                    "option_name": "address",
                    "option_value": "/.apps.okd-lab.okd.local/192.168.150.2"
                  },
                  {
                    "option_name": "srv-host",
                    "option_value": "_etcd-server-ssl._tcp,etcd-0.okd-lab.okd.local,2380"
                  },
                  {
                    "option_name": "address",
                    "option_value": "/oauth-openshift.apps.okd-lab.okd.local/192.168.150.2"
                  },
                  {
                    "option_name": "address",
                    "option_value": "/console-openshift-console.apps.okd-lab.okd.local/192.168.150.2"
                  }
                ]
              }
            ],
            "domain": "okd.lab",
            "id": "055b68dc-e233-42b2-b83d-9b3305fb8b80",
            "mode": "nat",
            "mtu": null,
            "name": "okd_network",
            "routes": [],
            "xml": []
          },
          "sensitive_attributes": [],
          "private": "bnVsbA=="
        }
      ]
    },
    {
      "module": "module.volumes",
      "mode": "managed",
      "type": "libvirt_volume",
      "name": "fedora_coreos",
      "provider": "module.volumes.provider[\"registry.terraform.io/dmacvicar/libvirt\"]",
      "instances": [
        {
          "schema_version": 0,
          "attributes": {
            "base_volume_id": null,
            "base_volume_name": null,
            "base_volume_pool": null,
            "format": "qcow2",
            "id": "/var/lib/libvirt/images/fedora_coreos.qcow2",
            "name": "fedora_coreos.qcow2",
            "pool": "default",
            "size": 10737418240,
            "source": "./coreos/fedora-coreos-38.20230806.3.0-qemu.x86_64.qcow2",
            "xml": []
          },
          "sensitive_attributes": [],
          "private": "bnVsbA=="
        }
      ]
    },
    {
      "module": "module.volumes",
      "mode": "managed",
      "type": "libvirt_volume",
      "name": "okd_bootstrap",
      "provider": "module.volumes.provider[\"registry.terraform.io/dmacvicar/libvirt\"]",
      "instances": [
        {
          "schema_version": 0,
          "attributes": {
            "base_volume_id": null,
            "base_volume_name": null,
            "base_volume_pool": null,
            "format": "qcow2",
            "id": "/var/lib/libvirt/images/okd_bootstrap.qcow2",
            "name": "okd_bootstrap.qcow2",
            "pool": "default",
            "size": 161061273600,
            "source": null,
            "xml": []
          },
          "sensitive_attributes": [],
          "private": "bnVsbA=="
        }
      ]
    },
    {
      "module": "module.volumes",
      "mode": "managed",
      "type": "libvirt_volume",
      "name": "okd_controlplane_1",
      "provider": "module.volumes.provider[\"registry.terraform.io/dmacvicar/libvirt\"]",
      "instances": [
        {
          "schema_version": 0,
          "attributes": {
            "base_volume_id": null,
            "base_volume_name": null,
            "base_volume_pool": null,
            "format": "qcow2",
            "id": "/var/lib/libvirt/images/okd_controlplane_1.qcow2",
            "name": "okd_controlplane_1.qcow2",
            "pool": "default",
            "size": 161061273600,
            "source": null,
            "xml": []
          },
          "sensitive_attributes": [],
          "private": "bnVsbA=="
        }
      ]
    },
    {
      "module": "module.volumes",
      "mode": "managed",
      "type": "libvirt_volume",
      "name": "okd_svc",
      "provider": "module.volumes.provider[\"registry.terraform.io/dmacvicar/libvirt\"]",
      "instances": [
        {
          "schema_version": 0,
          "attributes": {
            "base_volume_id": "/var/lib/libvirt/images/fedora_coreos.qcow2",
            "base_volume_name": null,
            "base_volume_pool": null,
            "format": "qcow2",
            "id": "/var/lib/libvirt/images/okd_svc.qcow2",
            "name": "okd_svc.qcow2",
            "pool": "default",
            "size": 161061273600,
            "source": null,
            "xml": []
          },
          "sensitive_attributes": [],
          "private": "bnVsbA==",
          "dependencies": [
            "module.volumes.libvirt_volume.fedora_coreos"
          ]
        }
      ]
    }
  ],
  "check_results": null
}
