{
  "version": 4,
  "terraform_version": "1.5.5",
  "serial": 438,
  "lineage": "829dd5e0-a37e-73cc-24bc-77cabb304b3a",
  "outputs": {},
  "resources": [
    {
      "module": "module.ignition",
      "mode": "managed",
      "type": "libvirt_ignition",
      "name": "okd_svc",
      "provider": "module.ignition.provider[\"registry.terraform.io/dmacvicar/libvirt\"]",
      "instances": [
        {
          "schema_version": 0,
          "attributes": {
            "content": "./okd_svc.ign",
            "id": "/var/lib/libvirt/images/okd_svc.ign;5b15df7b-3bd2-4f4c-a99a-d480d161b261",
            "name": "okd_svc.ign",
            "pool": "default"
          },
          "sensitive_attributes": [],
          "private": "bnVsbA=="
        }
      ]
    },
    {
      "module": "module.network",
      "mode": "managed",
      "type": "libvirt_network",
      "name": "okd_network",
      "provider": "module.network.provider[\"registry.terraform.io/dmacvicar/libvirt\"]",
      "instances": [
        {
          "schema_version": 0,
          "attributes": {
            "addresses": [
              "192.168.150.0/24"
            ],
            "autostart": false,
            "bridge": "virbr2",
            "dhcp": [
              {
                "enabled": true
              }
            ],
            "dns": [
              {
                "enabled": true,
                "forwarders": [],
                "hosts": [],
                "local_only": false,
                "srvs": []
              }
            ],
            "dnsmasq_options": [
              {
                "options": [
                  {
                    "option_name": "address",
                    "option_value": "/okd-bootstrap.okd-lab.okd.local/192.168.150.3"
                  },
                  {
                    "option_name": "host-record",
                    "option_value": "okd-bootstrap.okd-lab.okd.local,192.168.150.3"
                  },
                  {
                    "option_name": "address",
                    "option_value": "/okd-controlplane-1.okd-lab.okd.local/192.168.150.10"
                  },
                  {
                    "option_name": "host-record",
                    "option_value": "okd-controlplane-1.okd-lab.okd.local,192.168.150.10"
                  },
                  {
                    "option_name": "address",
                    "option_value": "/api.okd-lab.okd.local/192.168.150.2"
                  },
                  {
                    "option_name": "host-record",
                    "option_value": "api.okd-lab.okd.local,192.168.150.2"
                  },
                  {
                    "option_name": "address",
                    "option_value": "/api-int.okd-lab.okd.local/192.168.150.2"
                  },
                  {
                    "option_name": "host-record",
                    "option_value": "api-int.okd-lab.okd.local,192.168.150.2"
                  },
                  {
                    "option_name": "address",
                    "option_value": "/etcd-0.okd-lab.okd.local/192.168.150.10"
                  },
                  {
                    "option_name": "address",
                    "option_value": "/.apps.okd-lab.okd.local/192.168.150.2"
                  },
                  {
                    "option_name": "srv-host",
                    "option_value": "_etcd-server-ssl._tcp,etcd-0.okd-lab.okd.local,2380"
                  },
                  {
                    "option_name": "address",
                    "option_value": "/oauth-openshift.apps.okd-lab.okd.local/192.168.150.2"
                  },
                  {
                    "option_name": "address",
                    "option_value": "/console-openshift-console.apps.okd-lab.okd.local/192.168.150.2"
                  }
                ]
              }
            ],
            "domain": "okd.lab",
            "id": "8270ac58-6388-4c33-ab3c-3b75d7ec1b3a",
            "mode": "nat",
            "mtu": null,
            "name": "okd_network",
            "routes": [],
            "xml": []
          },
          "sensitive_attributes": [],
          "private": "bnVsbA=="
        }
      ]
    },
    {
      "module": "module.volumes",
      "mode": "managed",
      "type": "libvirt_volume",
      "name": "fedora_coreos",
      "provider": "module.volumes.provider[\"registry.terraform.io/dmacvicar/libvirt\"]",
      "instances": [
        {
          "schema_version": 0,
          "attributes": {
            "base_volume_id": null,
            "base_volume_name": null,
            "base_volume_pool": null,
            "format": "qcow2",
            "id": "/var/lib/libvirt/images/fedora_coreos.qcow2",
            "name": "fedora_coreos.qcow2",
            "pool": "default",
            "size": 10737418240,
            "source": "./coreos/fedora-coreos-38.20230806.3.0-qemu.x86_64.qcow2",
            "xml": []
          },
          "sensitive_attributes": [],
          "private": "bnVsbA=="
        }
      ]
    },
    {
      "module": "module.volumes",
      "mode": "managed",
      "type": "libvirt_volume",
      "name": "okd_bootstrap",
      "provider": "module.volumes.provider[\"registry.terraform.io/dmacvicar/libvirt\"]",
      "instances": [
        {
          "schema_version": 0,
          "attributes": {
            "base_volume_id": null,
            "base_volume_name": null,
            "base_volume_pool": null,
            "format": "qcow2",
            "id": "/var/lib/libvirt/images/okd_bootstrap.qcow2",
            "name": "okd_bootstrap.qcow2",
            "pool": "default",
            "size": 161061273600,
            "source": null,
            "xml": []
          },
          "sensitive_attributes": [],
          "private": "bnVsbA=="
        }
      ]
    },
    {
      "module": "module.volumes",
      "mode": "managed",
      "type": "libvirt_volume",
      "name": "okd_controlplane_1",
      "provider": "module.volumes.provider[\"registry.terraform.io/dmacvicar/libvirt\"]",
      "instances": [
        {
          "schema_version": 0,
          "attributes": {
            "base_volume_id": null,
            "base_volume_name": null,
            "base_volume_pool": null,
            "format": "qcow2",
            "id": "/var/lib/libvirt/images/okd_controlplane_1.qcow2",
            "name": "okd_controlplane_1.qcow2",
            "pool": "default",
            "size": 161061273600,
            "source": null,
            "xml": []
          },
          "sensitive_attributes": [],
          "private": "bnVsbA=="
        }
      ]
    },
    {
      "module": "module.volumes",
      "mode": "managed",
      "type": "libvirt_volume",
      "name": "okd_svc",
      "provider": "module.volumes.provider[\"registry.terraform.io/dmacvicar/libvirt\"]",
      "instances": [
        {
          "schema_version": 0,
          "attributes": {
            "base_volume_id": null,
            "base_volume_name": null,
            "base_volume_pool": null,
            "format": "qcow2",
            "id": "/var/lib/libvirt/images/okd_svc.qcow2",
            "name": "okd_svc.qcow2",
            "pool": "default",
            "size": 161061273600,
            "source": null,
            "xml": []
          },
          "sensitive_attributes": [],
          "private": "bnVsbA=="
        }
      ]
    }
  ],
  "check_results": null
}
